
Microsoft Visual Studio Solution File, Format Version 12.00
# Visual Studio Version 17
VisualStudioVersion = 17.8.34601.278
MinimumVisualStudioVersion = 10.0.40219.1
Project("{FAE04EC0-301F-11D3-BF4B-00C04F79EFBC}") = "CRUDExample", "CRUDExample\CRUDExample.csproj", "{BB9014E0-7413-49E3-B63A-C5AAD902CA2C}"
EndProject
Project("{FAE04EC0-301F-11D3-BF4B-00C04F79EFBC}") = "CRUDTests", "CRUDTests\CRUDTests.csproj", "{2E30A769-AE18-4592-B435-8609B361105C}"
EndProject
Project("{FAE04EC0-301F-11D3-BF4B-00C04F79EFBC}") = "Entities", "Entities\Entities.csproj", "{3AC170AE-554C-47BF-8005-304613539A0A}"
EndProject
Project("{FAE04EC0-301F-11D3-BF4B-00C04F79EFBC}") = "ServiceContracts", "ServiceContracts\ServiceContracts.csproj", "{AC9507C4-7F53-4838-99CF-A10DB168E740}"
EndProject
Project("{FAE04EC0-301F-11D3-BF4B-00C04F79EFBC}") = "Services", "Services\Services.csproj", "{FDE0AE09-D3AB-470C-98A4-FCB2ED0656CA}"
EndProject
Global
	GlobalSection(SolutionConfigurationPlatforms) = preSolution
		Debug|Any CPU = Debug|Any CPU
		Release|Any CPU = Release|Any CPU
	EndGlobalSection
	GlobalSection(ProjectConfigurationPlatforms) = postSolution
		{BB9014E0-7413-49E3-B63A-C5AAD902CA2C}.Debug|Any CPU.ActiveCfg = Debug|Any CPU
		{BB9014E0-7413-49E3-B63A-C5AAD902CA2C}.Debug|Any CPU.Build.0 = Debug|Any CPU
		{BB9014E0-7413-49E3-B63A-C5AAD902CA2C}.Release|Any CPU.ActiveCfg = Release|Any CPU
		{BB9014E0-7413-49E3-B63A-C5AAD902CA2C}.Release|Any CPU.Build.0 = Release|Any CPU
		{2E30A769-AE18-4592-B435-8609B361105C}.Debug|Any CPU.ActiveCfg = Debug|Any CPU
		{2E30A769-AE18-4592-B435-8609B361105C}.Debug|Any CPU.Build.0 = Debug|Any CPU
		{2E30A769-AE18-4592-B435-8609B361105C}.Release|Any CPU.ActiveCfg = Release|Any CPU
		{2E30A769-AE18-4592-B435-8609B361105C}.Release|Any CPU.Build.0 = Release|Any CPU
		{3AC170AE-554C-47BF-8005-304613539A0A}.Debug|Any CPU.ActiveCfg = Debug|Any CPU
		{3AC170AE-554C-47BF-8005-304613539A0A}.Debug|Any CPU.Build.0 = Debug|Any CPU
		{3AC170AE-554C-47BF-8005-304613539A0A}.Release|Any CPU.ActiveCfg = Release|Any CPU
		{3AC170AE-554C-47BF-8005-304613539A0A}.Release|Any CPU.Build.0 = Release|Any CPU
		{AC9507C4-7F53-4838-99CF-A10DB168E740}.Debug|Any CPU.ActiveCfg = Debug|Any CPU
		{AC9507C4-7F53-4838-99CF-A10DB168E740}.Debug|Any CPU.Build.0 = Debug|Any CPU
		{AC9507C4-7F53-4838-99CF-A10DB168E740}.Release|Any CPU.ActiveCfg = Release|Any CPU
		{AC9507C4-7F53-4838-99CF-A10DB168E740}.Release|Any CPU.Build.0 = Release|Any CPU
		{FDE0AE09-D3AB-470C-98A4-FCB2ED0656CA}.Debug|Any CPU.ActiveCfg = Debug|Any CPU
		{FDE0AE09-D3AB-470C-98A4-FCB2ED0656CA}.Debug|Any CPU.Build.0 = Debug|Any CPU
		{FDE0AE09-D3AB-470C-98A4-FCB2ED0656CA}.Release|Any CPU.ActiveCfg = Release|Any CPU
		{FDE0AE09-D3AB-470C-98A4-FCB2ED0656CA}.Release|Any CPU.Build.0 = Release|Any CPU
	EndGlobalSection
	GlobalSection(SolutionProperties) = preSolution
		HideSolutionNode = FALSE
	EndGlobalSection
	GlobalSection(ExtensibilityGlobals) = postSolution
		SolutionGuid = {A28BCD2D-0912-431A-8D10-30EF0AF2ED53}
	EndGlobalSection
EndGlobal
